
Microsoft Visual Studio Solution File, Format Version 12.00
# Visual Studio Version 16
VisualStudioVersion = 16.0.30011.22
MinimumVisualStudioVersion = 10.0.40219.1
Project("{FAE04EC0-301F-11D3-BF4B-00C04F79EFBC}") = "MysiePysieService", "MysiePysieService\MysiePysieService.csproj", "{D9F95514-7E5B-4AED-B0BF-2204366BCD42}"
EndProject
Project("{FAE04EC0-301F-11D3-BF4B-00C04F79EFBC}") = "MysiePysieService.Tests", "MysiePysieService.Tests\MysiePysieService.Tests.csproj", "{6497179E-D1E8-4EC2-B15F-2DA902F2F260}"
EndProject
Global
	GlobalSection(SolutionConfigurationPlatforms) = preSolution
		Debug|Any CPU = Debug|Any CPU
		Release|Any CPU = Release|Any CPU
	EndGlobalSection
	GlobalSection(ProjectConfigurationPlatforms) = postSolution
		{D9F95514-7E5B-4AED-B0BF-2204366BCD42}.Debug|Any CPU.ActiveCfg = Debug|Any CPU
		{D9F95514-7E5B-4AED-B0BF-2204366BCD42}.Debug|Any CPU.Build.0 = Debug|Any CPU
		{D9F95514-7E5B-4AED-B0BF-2204366BCD42}.Release|Any CPU.ActiveCfg = Release|Any CPU
		{D9F95514-7E5B-4AED-B0BF-2204366BCD42}.Release|Any CPU.Build.0 = Release|Any CPU
		{6497179E-D1E8-4EC2-B15F-2DA902F2F260}.Debug|Any CPU.ActiveCfg = Debug|Any CPU
		{6497179E-D1E8-4EC2-B15F-2DA902F2F260}.Debug|Any CPU.Build.0 = Debug|Any CPU
		{6497179E-D1E8-4EC2-B15F-2DA902F2F260}.Release|Any CPU.ActiveCfg = Release|Any CPU
		{6497179E-D1E8-4EC2-B15F-2DA902F2F260}.Release|Any CPU.Build.0 = Release|Any CPU
	EndGlobalSection
	GlobalSection(SolutionProperties) = preSolution
		HideSolutionNode = FALSE
	EndGlobalSection
	GlobalSection(ExtensibilityGlobals) = postSolution
		SolutionGuid = {310FC546-C277-43CF-9B5B-EC68EB7C82E6}
	EndGlobalSection
EndGlobal
