
Microsoft Visual Studio Solution File, Format Version 12.00
# Visual Studio Version 16
VisualStudioVersion = 16.0.30002.166
MinimumVisualStudioVersion = 10.0.40219.1
Project("{FAE04EC0-301F-11D3-BF4B-00C04F79EFBC}") = "MysiePysieService", "MysiePysieService\MysiePysieService.csproj", "{61BB4FE7-A533-4905-ACDD-F8ABB046ED73}"
EndProject
Project("{FAE04EC0-301F-11D3-BF4B-00C04F79EFBC}") = "MysiePysieService.Tests", "MysiePysieService.Tests\MysiePysieService.Tests.csproj", "{3A498E6B-57D1-47AE-A11A-035B60457A9B}"
EndProject
Global
	GlobalSection(SolutionConfigurationPlatforms) = preSolution
		Debug|Any CPU = Debug|Any CPU
		Release|Any CPU = Release|Any CPU
	EndGlobalSection
	GlobalSection(ProjectConfigurationPlatforms) = postSolution
		{61BB4FE7-A533-4905-ACDD-F8ABB046ED73}.Debug|Any CPU.ActiveCfg = Debug|Any CPU
		{61BB4FE7-A533-4905-ACDD-F8ABB046ED73}.Debug|Any CPU.Build.0 = Debug|Any CPU
		{61BB4FE7-A533-4905-ACDD-F8ABB046ED73}.Release|Any CPU.ActiveCfg = Release|Any CPU
		{61BB4FE7-A533-4905-ACDD-F8ABB046ED73}.Release|Any CPU.Build.0 = Release|Any CPU
		{3A498E6B-57D1-47AE-A11A-035B60457A9B}.Debug|Any CPU.ActiveCfg = Debug|Any CPU
		{3A498E6B-57D1-47AE-A11A-035B60457A9B}.Debug|Any CPU.Build.0 = Debug|Any CPU
		{3A498E6B-57D1-47AE-A11A-035B60457A9B}.Release|Any CPU.ActiveCfg = Release|Any CPU
		{3A498E6B-57D1-47AE-A11A-035B60457A9B}.Release|Any CPU.Build.0 = Release|Any CPU
	EndGlobalSection
	GlobalSection(SolutionProperties) = preSolution
		HideSolutionNode = FALSE
	EndGlobalSection
	GlobalSection(ExtensibilityGlobals) = postSolution
		SolutionGuid = {CF586765-48C0-4F72-9290-228DA06452A9}
	EndGlobalSection
EndGlobal
