
Microsoft Visual Studio Solution File, Format Version 12.00
# Visual Studio Version 16
VisualStudioVersion = 16.0.30011.22
MinimumVisualStudioVersion = 10.0.40219.1
Project("{9A19103F-16F7-4668-BE54-9A1E7A4F7556}") = "MysiePysieService", "MysiePysieService\MysiePysieService.csproj", "{97913D1A-6DD0-4F66-B57A-8F3D58FF2E0B}"
EndProject
Project("{9A19103F-16F7-4668-BE54-9A1E7A4F7556}") = "MysiePysieService.Test", "MysiePysieService.Test\MysiePysieService.Test.csproj", "{B7F0F2A7-6665-4877-B104-1B7AD935A966}"
EndProject
Global
	GlobalSection(SolutionConfigurationPlatforms) = preSolution
		Debug|Any CPU = Debug|Any CPU
		Release|Any CPU = Release|Any CPU
	EndGlobalSection
	GlobalSection(ProjectConfigurationPlatforms) = postSolution
		{97913D1A-6DD0-4F66-B57A-8F3D58FF2E0B}.Debug|Any CPU.ActiveCfg = Debug|Any CPU
		{97913D1A-6DD0-4F66-B57A-8F3D58FF2E0B}.Debug|Any CPU.Build.0 = Debug|Any CPU
		{97913D1A-6DD0-4F66-B57A-8F3D58FF2E0B}.Release|Any CPU.ActiveCfg = Release|Any CPU
		{97913D1A-6DD0-4F66-B57A-8F3D58FF2E0B}.Release|Any CPU.Build.0 = Release|Any CPU
		{B7F0F2A7-6665-4877-B104-1B7AD935A966}.Debug|Any CPU.ActiveCfg = Debug|Any CPU
		{B7F0F2A7-6665-4877-B104-1B7AD935A966}.Debug|Any CPU.Build.0 = Debug|Any CPU
		{B7F0F2A7-6665-4877-B104-1B7AD935A966}.Release|Any CPU.ActiveCfg = Release|Any CPU
		{B7F0F2A7-6665-4877-B104-1B7AD935A966}.Release|Any CPU.Build.0 = Release|Any CPU
	EndGlobalSection
	GlobalSection(SolutionProperties) = preSolution
		HideSolutionNode = FALSE
	EndGlobalSection
	GlobalSection(ExtensibilityGlobals) = postSolution
		SolutionGuid = {669B43D9-5FA8-425B-9264-4589565D6BE2}
	EndGlobalSection
EndGlobal
